proj_file_hash = "37343838434723401e32e4ddd086182b"

[[dependencies]]
name = "gmp-fix"
version = "0.9.0"
path = ".fixlang/deps/gmp-fix_0.9.0"

[dependencies.git]
repo = "https://github.com/tttmmmyyyy/fixlang-gmp.git"
rev = "002065bd9884066715f26858b79d787ef14cf380"

[[dependencies]]
name = "hash"
version = "1.1.2"
path = ".fixlang/deps/hash_1.1.2"

[dependencies.git]
repo = "https://github.com/tttmmmyyyy/fixlang-hash.git"
rev = "dbf95379b6ee7b26ec4858116f24c0251467cb83"
