proj_file_hash = "25a6d98428a3d6a90d80dd00ccffe438"

[[dependencies]]
name = "gmp-fix"
version = "0.10.0"
path = ".fixlang/deps/gmp-fix_0.10.0"

[dependencies.git]
repo = "https://github.com/tttmmmyyyy/fixlang-gmp.git"
rev = "e36e55fd7166eac0108686174d49e1669e5f00a7"

[[dependencies]]
name = "hash"
version = "1.1.2"
path = ".fixlang/deps/hash_1.1.2"

[dependencies.git]
repo = "https://github.com/tttmmmyyyy/fixlang-hash.git"
rev = "dbf95379b6ee7b26ec4858116f24c0251467cb83"
