proj_file_hash = "8bc92b4c089c5f74f39067d1087003d2"

[[dependencies]]
name = "gmp-fix"
version = "0.9.0"
path = ".fixlang/deps/gmp-fix_0.9.0"

[dependencies.git]
repo = "https://github.com/tttmmmyyyy/fixlang-gmp.git"
rev = "c32d9b2d32946a79ebc0a31b106a12abc6ec9367"

[[dependencies]]
name = "hash"
version = "1.1.2"
path = ".fixlang/deps/hash_1.1.2"

[dependencies.git]
repo = "https://github.com/tttmmmyyyy/fixlang-hash.git"
rev = "dbf95379b6ee7b26ec4858116f24c0251467cb83"
