proj_file_hash = "2a06592594b013a372d7bedb3c713acf"

[[dependencies]]
name = "gmp-fix"
version = "0.7.0"
path = ".fixlang/deps/gmp-fix_0.7.0"

[dependencies.git]
repo = "https://github.com/tttmmmyyyy/fixlang-gmp.git"
rev = "ec64d81517281146ff8324db34768941551cc705"

[[dependencies]]
name = "hash"
version = "1.1.1"
path = ".fixlang/deps/hash_1.1.1"

[dependencies.git]
repo = "https://github.com/tttmmmyyyy/fixlang-hash.git"
rev = "145a20913eb9c280edd616d5b9977d33303343c1"
