proj_file_hash = "d475b8353a61a3a67b159dd3e39ba745"

[[dependencies]]
name = "gmp-fix"
version = "0.9.0"
path = ".fixlang/deps/gmp-fix_0.9.0"

[dependencies.git]
repo = "https://github.com/tttmmmyyyy/fixlang-gmp.git"
rev = "3d1d7b4f73f589cd1f6b8e3f8f52e56cea618389"

[[dependencies]]
name = "hash"
version = "1.1.2"
path = ".fixlang/deps/hash_1.1.2"

[dependencies.git]
repo = "https://github.com/tttmmmyyyy/fixlang-hash.git"
rev = "dbf95379b6ee7b26ec4858116f24c0251467cb83"
